github.com/amenzhinsky/go-memexec v0.7.0 h1:BAoex/mFSJiPJQkJinBmT2vgkpUZBvJngjbhEhFrRa4=
github.com/amenzhinsky/go-memexec v0.7.0/go.mod h1:mQNWoiLTmL4+AUb/y3KkDE7xh7qnEO/as+rkLZRqXYg=
github.com/kurin/blazer v0.5.3 h1:SAgYv0TKU0kN/ETfO5ExjNAPyMt2FocO2s/UlCHfjAk=
github.com/kurin/blazer v0.5.3/go.mod h1:4FCXMUWo9DllR2Do4TtBd377ezyAJ51vB5uTBjt0pGU=
golang.org/x/sys v0.0.0-20210903071746-97244b99971b h1:3Dq0eVHn0uaQJmPO+/aYPI/fRMqdrVDbu7MQcku54gg=
golang.org/x/sys v0.0.0-20210903071746-97244b99971b/go.mod h1:oPkhp1MJrh7nUepCBck5+mAzfO9JrbApNNgaTdGDITg=
